
Microsoft Visual Studio Solution File, Format Version 12.00
# Visual Studio Version 16
VisualStudioVersion = 16.0.31402.337
MinimumVisualStudioVersion = 10.0.40219.1
Project("{8BC9CEB8-8B4A-11D0-8D11-00A0C91BC942}") = "TextBasedRPG", "TextBasedRPG.vcxproj", "{FA977DB4-822C-4E9E-A505-7D34FF1C6442}"
EndProject
Global
	GlobalSection(SolutionConfigurationPlatforms) = preSolution
		Debug|x64 = Debug|x64
		Debug|x86 = Debug|x86
		Release|x64 = Release|x64
		Release|x86 = Release|x86
	EndGlobalSection
	GlobalSection(ProjectConfigurationPlatforms) = postSolution
		{FA977DB4-822C-4E9E-A505-7D34FF1C6442}.Debug|x64.ActiveCfg = Debug|x64
		{FA977DB4-822C-4E9E-A505-7D34FF1C6442}.Debug|x64.Build.0 = Debug|x64
		{FA977DB4-822C-4E9E-A505-7D34FF1C6442}.Debug|x86.ActiveCfg = Debug|Win32
		{FA977DB4-822C-4E9E-A505-7D34FF1C6442}.Debug|x86.Build.0 = Debug|Win32
		{FA977DB4-822C-4E9E-A505-7D34FF1C6442}.Release|x64.ActiveCfg = Release|x64
		{FA977DB4-822C-4E9E-A505-7D34FF1C6442}.Release|x64.Build.0 = Release|x64
		{FA977DB4-822C-4E9E-A505-7D34FF1C6442}.Release|x86.ActiveCfg = Release|Win32
		{FA977DB4-822C-4E9E-A505-7D34FF1C6442}.Release|x86.Build.0 = Release|Win32
	EndGlobalSection
	GlobalSection(SolutionProperties) = preSolution
		HideSolutionNode = FALSE
	EndGlobalSection
	GlobalSection(ExtensibilityGlobals) = postSolution
		SolutionGuid = {83EB769F-7A72-4418-B855-E709DA14540A}
	EndGlobalSection
EndGlobal
